
Microsoft Visual Studio Solution File, Format Version 12.00
Project("{FAE04EC0-301F-11D3-BF4B-00C04F79EFBC}") = "MissionTwo", "MissionTwo.csproj", "{F17462CF-7B8B-444F-BC4E-3AA6BA871EE5}"
EndProject
Global
	GlobalSection(SolutionConfigurationPlatforms) = preSolution
		Debug|Any CPU = Debug|Any CPU
		Release|Any CPU = Release|Any CPU
	EndGlobalSection
	GlobalSection(ProjectConfigurationPlatforms) = postSolution
		{F17462CF-7B8B-444F-BC4E-3AA6BA871EE5}.Debug|Any CPU.ActiveCfg = Debug|Any CPU
		{F17462CF-7B8B-444F-BC4E-3AA6BA871EE5}.Debug|Any CPU.Build.0 = Debug|Any CPU
		{F17462CF-7B8B-444F-BC4E-3AA6BA871EE5}.Release|Any CPU.ActiveCfg = Release|Any CPU
		{F17462CF-7B8B-444F-BC4E-3AA6BA871EE5}.Release|Any CPU.Build.0 = Release|Any CPU
	EndGlobalSection
EndGlobal
